{
	"name": "@podlove/player",
	"version": "5.0.0",
	"lockfileVersion": 1,
	"requires": true,
	"dependencies": {
		"redux-vuex": {
			"version": "0.2.1",
			"resolved": "https://registry.npmjs.org/redux-vuex/-/redux-vuex-0.2.1.tgz",
			"integrity": "sha512-oQYH4WSoVgb19QfIEPPCy/H2Yuqgc+DL/zmu5swEiJDgimYpGDtRL5NnjmrmW/HPo2MGNhP73yrkosCnCc4QWg==",
			"requires": {
				"get-value": "3.0.1",
				"set-value": "3.0.1"
			},
			"dependencies": {
				"get-value": {
					"version": "3.0.1",
					"resolved": "https://registry.npmjs.org/get-value/-/get-value-3.0.1.tgz",
					"integrity": "sha512-mKZj9JLQrwMBtj5wxi6MH8Z5eSKaERpAwjg43dPtlGI1ZVEgH/qC7T8/6R2OBSUA+zzHBZgICsVJaEIV2tKTDA==",
					"requires": {
						"isobject": "^3.0.1"
					}
				},
				"is-plain-object": {
					"version": "2.0.4",
					"resolved": "https://registry.npmjs.org/is-plain-object/-/is-plain-object-2.0.4.tgz",
					"integrity": "sha512-h5PpgXkWitc38BBMYawTYMWJHFZJVnBquFE57xFpjB8pJFiF6gZ+bU+WyI/yqXiFR5mdLsgYNaPe8uao6Uv9Og==",
					"requires": {
						"isobject": "^3.0.1"
					}
				},
				"isobject": {
					"version": "3.0.1",
					"resolved": "https://registry.npmjs.org/isobject/-/isobject-3.0.1.tgz",
					"integrity": "sha1-TkMekrEalzFjaqH5yNHMvP2reN8="
				},
				"set-value": {
					"version": "3.0.1",
					"resolved": "https://registry.npmjs.org/set-value/-/set-value-3.0.1.tgz",
					"integrity": "sha512-w6n3GUPYAWQj4ZyHWzD7K2FnFXHx9OTwJYbWg+6nXjG8sCLfs9DGv+KlqglKIIJx+ks7MlFuwFW2RBPb+8V+xg==",
					"requires": {
						"is-plain-object": "^2.0.4"
					}
				}
			}
		}
	}
}
